// !$*UTF8*$!
{
	archiveVersion = 1;
	classes = {
	};
	objectVersion = 50;
	objects = {

/* Begin PBXBuildFile section */
		5143ABB02073D53500D6F80B /* AppDelegate.swift in Sources */ = {isa = PBXBuildFile; fileRef = 5143ABAF2073D53500D6F80B /* AppDelegate.swift */; };
		5143ABB22073D53500D6F80B /* ViewController.swift in Sources */ = {isa = PBXBuildFile; fileRef = 5143ABB12073D53500D6F80B /* ViewController.swift */; };
		5143ABB72073D53700D6F80B /* Assets.xcassets in Resources */ = {isa = PBXBuildFile; fileRef = 5143ABB62073D53700D6F80B /* Assets.xcassets */; };
		5143ABBA2073D53700D6F80B /* LaunchScreen.storyboard in Resources */ = {isa = PBXBuildFile; fileRef = 5143ABB82073D53700D6F80B /* LaunchScreen.storyboard */; };
		5143ABC52073D53800D6F80B /* SampleForTestTests.swift in Sources */ = {isa = PBXBuildFile; fileRef = 5143ABC42073D53800D6F80B /* SampleForTestTests.swift */; };
		5143ABD02073D54600D6F80B /* Eventually.swift in Sources */ = {isa = PBXBuildFile; fileRef = 5143ABCF2073D54500D6F80B /* Eventually.swift */; };
/* End PBXBuildFile section */

/* Begin PBXContainerItemProxy section */
		5143ABC12073D53800D6F80B /* PBXContainerItemProxy */ = {
			isa = PBXContainerItemProxy;
			containerPortal = 5143ABA42073D53500D6F80B /* Project object */;
			proxyType = 1;
			remoteGlobalIDString = 5143ABAB2073D53500D6F80B;
			remoteInfo = SampleForTest;
		};
/* End PBXContainerItemProxy section */

/* Begin PBXFileReference section */
		5143ABAC2073D53500D6F80B /* SampleForTest.app */ = {isa = PBXFileReference; explicitFileType = wrapper.application; includeInIndex = 0; path = SampleForTest.app; sourceTree = BUILT_PRODUCTS_DIR; };
		5143ABAF2073D53500D6F80B /* AppDelegate.swift */ = {isa = PBXFileReference; lastKnownFileType = sourcecode.swift; path = AppDelegate.swift; sourceTree = "<group>"; };
		5143ABB12073D53500D6F80B /* ViewController.swift */ = {isa = PBXFileReference; lastKnownFileType = sourcecode.swift; path = ViewController.swift; sourceTree = "<group>"; };
		5143ABB62073D53700D6F80B /* Assets.xcassets */ = {isa = PBXFileReference; lastKnownFileType = folder.assetcatalog; path = Assets.xcassets; sourceTree = "<group>"; };
		5143ABB92073D53700D6F80B /* Base */ = {isa = PBXFileReference; lastKnownFileType = file.storyboard; name = Base; path = Base.lproj/LaunchScreen.storyboard; sourceTree = "<group>"; };
		5143ABBB2073D53700D6F80B /* Info.plist */ = {isa = PBXFileReference; lastKnownFileType = text.plist.xml; path = Info.plist; sourceTree = "<group>"; };
		5143ABC02073D53800D6F80B /* SampleForTestTests.xctest */ = {isa = PBXFileReference; explicitFileType = wrapper.cfbundle; includeInIndex = 0; path = SampleForTestTests.xctest; sourceTree = BUILT_PRODUCTS_DIR; };
		5143ABC42073D53800D6F80B /* SampleForTestTests.swift */ = {isa = PBXFileReference; lastKnownFileType = sourcecode.swift; path = SampleForTestTests.swift; sourceTree = "<group>"; };
		5143ABC62073D53800D6F80B /* Info.plist */ = {isa = PBXFileReference; lastKnownFileType = text.plist.xml; path = Info.plist; sourceTree = "<group>"; };
		5143ABCF2073D54500D6F80B /* Eventually.swift */ = {isa = PBXFileReference; lastKnownFileType = sourcecode.swift; path = Eventually.swift; sourceTree = "<group>"; };
/* End PBXFileReference section */

/* Begin PBXFrameworksBuildPhase section */
		5143ABA92073D53500D6F80B /* Frameworks */ = {
			isa = PBXFrameworksBuildPhase;
			buildActionMask = 2147483647;
			files = (
			);
			runOnlyForDeploymentPostprocessing = 0;
		};
		5143ABBD2073D53800D6F80B /* Frameworks */ = {
			isa = PBXFrameworksBuildPhase;
			buildActionMask = 2147483647;
			files = (
			);
			runOnlyForDeploymentPostprocessing = 0;
		};
/* End PBXFrameworksBuildPhase section */

/* Begin PBXGroup section */
		5143ABA32073D53500D6F80B = {
			isa = PBXGroup;
			children = (
				5143ABAE2073D53500D6F80B /* SampleForTest */,
				5143ABC32073D53800D6F80B /* SampleForTestTests */,
				5143ABAD2073D53500D6F80B /* Products */,
			);
			sourceTree = "<group>";
		};
		5143ABAD2073D53500D6F80B /* Products */ = {
			isa = PBXGroup;
			children = (
				5143ABAC2073D53500D6F80B /* SampleForTest.app */,
				5143ABC02073D53800D6F80B /* SampleForTestTests.xctest */,
			);
			name = Products;
			sourceTree = "<group>";
		};
		5143ABAE2073D53500D6F80B /* SampleForTest */ = {
			isa = PBXGroup;
			children = (
				5143ABAF2073D53500D6F80B /* AppDelegate.swift */,
				5143ABB12073D53500D6F80B /* ViewController.swift */,
				5143ABB62073D53700D6F80B /* Assets.xcassets */,
				5143ABB82073D53700D6F80B /* LaunchScreen.storyboard */,
				5143ABBB2073D53700D6F80B /* Info.plist */,
			);
			path = SampleForTest;
			sourceTree = "<group>";
		};
		5143ABC32073D53800D6F80B /* SampleForTestTests */ = {
			isa = PBXGroup;
			children = (
				5143ABC42073D53800D6F80B /* SampleForTestTests.swift */,
				5143ABC62073D53800D6F80B /* Info.plist */,
				5143ABCF2073D54500D6F80B /* Eventually.swift */,
			);
			path = SampleForTestTests;
			sourceTree = "<group>";
		};
/* End PBXGroup section */

/* Begin PBXNativeTarget section */
		5143ABAB2073D53500D6F80B /* SampleForTest */ = {
			isa = PBXNativeTarget;
			buildConfigurationList = 5143ABC92073D53800D6F80B /* Build configuration list for PBXNativeTarget "SampleForTest" */;
			buildPhases = (
				5143ABA82073D53500D6F80B /* Sources */,
				5143ABA92073D53500D6F80B /* Frameworks */,
				5143ABAA2073D53500D6F80B /* Resources */,
			);
			buildRules = (
			);
			dependencies = (
			);
			name = SampleForTest;
			productName = SampleForTest;
			productReference = 5143ABAC2073D53500D6F80B /* SampleForTest.app */;
			productType = "com.apple.product-type.application";
		};
		5143ABBF2073D53800D6F80B /* SampleForTestTests */ = {
			isa = PBXNativeTarget;
			buildConfigurationList = 5143ABCC2073D53800D6F80B /* Build configuration list for PBXNativeTarget "SampleForTestTests" */;
			buildPhases = (
				5143ABBC2073D53800D6F80B /* Sources */,
				5143ABBD2073D53800D6F80B /* Frameworks */,
				5143ABBE2073D53800D6F80B /* Resources */,
			);
			buildRules = (
			);
			dependencies = (
				5143ABC22073D53800D6F80B /* PBXTargetDependency */,
			);
			name = SampleForTestTests;
			productName = SampleForTestTests;
			productReference = 5143ABC02073D53800D6F80B /* SampleForTestTests.xctest */;
			productType = "com.apple.product-type.bundle.unit-test";
		};
/* End PBXNativeTarget section */

/* Begin PBXProject section */
		5143ABA42073D53500D6F80B /* Project object */ = {
			isa = PBXProject;
			attributes = {
				LastSwiftUpdateCheck = 0930;
				LastUpgradeCheck = 0930;
				ORGANIZATIONNAME = shindyu;
				TargetAttributes = {
					5143ABAB2073D53500D6F80B = {
						CreatedOnToolsVersion = 9.3;
					};
					5143ABBF2073D53800D6F80B = {
						CreatedOnToolsVersion = 9.3;
						TestTargetID = 5143ABAB2073D53500D6F80B;
					};
				};
			};
			buildConfigurationList = 5143ABA72073D53500D6F80B /* Build configuration list for PBXProject "SampleForTest" */;
			compatibilityVersion = "Xcode 9.3";
			developmentRegion = en;
			hasScannedForEncodings = 0;
			knownRegions = (
				en,
				Base,
			);
			mainGroup = 5143ABA32073D53500D6F80B;
			productRefGroup = 5143ABAD2073D53500D6F80B /* Products */;
			projectDirPath = "";
			projectRoot = "";
			targets = (
				5143ABAB2073D53500D6F80B /* SampleForTest */,
				5143ABBF2073D53800D6F80B /* SampleForTestTests */,
			);
		};
/* End PBXProject section */

/* Begin PBXResourcesBuildPhase section */
		5143ABAA2073D53500D6F80B /* Resources */ = {
			isa = PBXResourcesBuildPhase;
			buildActionMask = 2147483647;
			files = (
				5143ABBA2073D53700D6F80B /* LaunchScreen.storyboard in Resources */,
				5143ABB72073D53700D6F80B /* Assets.xcassets in Resources */,
			);
			runOnlyForDeploymentPostprocessing = 0;
		};
		5143ABBE2073D53800D6F80B /* Resources */ = {
			isa = PBXResourcesBuildPhase;
			buildActionMask = 2147483647;
			files = (
			);
			runOnlyForDeploymentPostprocessing = 0;
		};
/* End PBXResourcesBuildPhase section */

/* Begin PBXSourcesBuildPhase section */
		5143ABA82073D53500D6F80B /* Sources */ = {
			isa = PBXSourcesBuildPhase;
			buildActionMask = 2147483647;
			files = (
				5143ABB22073D53500D6F80B /* ViewController.swift in Sources */,
				5143ABB02073D53500D6F80B /* AppDelegate.swift in Sources */,
			);
			runOnlyForDeploymentPostprocessing = 0;
		};
		5143ABBC2073D53800D6F80B /* Sources */ = {
			isa = PBXSourcesBuildPhase;
			buildActionMask = 2147483647;
			files = (
				5143ABD02073D54600D6F80B /* Eventually.swift in Sources */,
				5143ABC52073D53800D6F80B /* SampleForTestTests.swift in Sources */,
			);
			runOnlyForDeploymentPostprocessing = 0;
		};
/* End PBXSourcesBuildPhase section */

/* Begin PBXTargetDependency section */
		5143ABC22073D53800D6F80B /* PBXTargetDependency */ = {
			isa = PBXTargetDependency;
			target = 5143ABAB2073D53500D6F80B /* SampleForTest */;
			targetProxy = 5143ABC12073D53800D6F80B /* PBXContainerItemProxy */;
		};
/* End PBXTargetDependency section */

/* Begin PBXVariantGroup section */
		5143ABB82073D53700D6F80B /* LaunchScreen.storyboard */ = {
			isa = PBXVariantGroup;
			children = (
				5143ABB92073D53700D6F80B /* Base */,
			);
			name = LaunchScreen.storyboard;
			sourceTree = "<group>";
		};
/* End PBXVariantGroup section */

/* Begin XCBuildConfiguration section */
		5143ABC72073D53800D6F80B /* Debug */ = {
			isa = XCBuildConfiguration;
			buildSettings = {
				ALWAYS_SEARCH_USER_PATHS = NO;
				CLANG_ANALYZER_NONNULL = YES;
				CLANG_ANALYZER_NUMBER_OBJECT_CONVERSION = YES_AGGRESSIVE;
				CLANG_CXX_LANGUAGE_STANDARD = "gnu++14";
				CLANG_CXX_LIBRARY = "libc++";
				CLANG_ENABLE_MODULES = YES;
				CLANG_ENABLE_OBJC_ARC = YES;
				CLANG_ENABLE_OBJC_WEAK = YES;
				CLANG_WARN_BLOCK_CAPTURE_AUTORELEASING = YES;
				CLANG_WARN_BOOL_CONVERSION = YES;
				CLANG_WARN_COMMA = YES;
				CLANG_WARN_CONSTANT_CONVERSION = YES;
				CLANG_WARN_DEPRECATED_OBJC_IMPLEMENTATIONS = YES;
				CLANG_WARN_DIRECT_OBJC_ISA_USAGE = YES_ERROR;
				CLANG_WARN_DOCUMENTATION_COMMENTS = YES;
				CLANG_WARN_EMPTY_BODY = YES;
				CLANG_WARN_ENUM_CONVERSION = YES;
				CLANG_WARN_INFINITE_RECURSION = YES;
				CLANG_WARN_INT_CONVERSION = YES;
				CLANG_WARN_NON_LITERAL_NULL_CONVERSION = YES;
				CLANG_WARN_OBJC_IMPLICIT_RETAIN_SELF = YES;
				CLANG_WARN_OBJC_LITERAL_CONVERSION = YES;
				CLANG_WARN_OBJC_ROOT_CLASS = YES_ERROR;
				CLANG_WARN_RANGE_LOOP_ANALYSIS = YES;
				CLANG_WARN_STRICT_PROTOTYPES = YES;
				CLANG_WARN_SUSPICIOUS_MOVE = YES;
				CLANG_WARN_UNGUARDED_AVAILABILITY = YES_AGGRESSIVE;
				CLANG_WARN_UNREACHABLE_CODE = YES;
				CLANG_WARN__DUPLICATE_METHOD_MATCH = YES;
				CODE_SIGN_IDENTITY = "iPhone Developer";
				COPY_PHASE_STRIP = NO;
				DEBUG_INFORMATION_FORMAT = dwarf;
				ENABLE_STRICT_OBJC_MSGSEND = YES;
				ENABLE_TESTABILITY = YES;
				GCC_C_LANGUAGE_STANDARD = gnu11;
				GCC_DYNAMIC_NO_PIC = NO;
				GCC_NO_COMMON_BLOCKS = YES;
				GCC_OPTIMIZATION_LEVEL = 0;
				GCC_PREPROCESSOR_DEFINITIONS = (
					"DEBUG=1",
					"$(inherited)",
				);
				GCC_WARN_64_TO_32_BIT_CONVERSION = YES;
				GCC_WARN_ABOUT_RETURN_TYPE = YES_ERROR;
				GCC_WARN_UNDECLARED_SELECTOR = YES;
				GCC_WARN_UNINITIALIZED_AUTOS = YES_AGGRESSIVE;
				GCC_WARN_UNUSED_FUNCTION = YES;
				GCC_WARN_UNUSED_VARIABLE = YES;
				IPHONEOS_DEPLOYMENT_TARGET = 11.3;
				MTL_ENABLE_DEBUG_INFO = YES;
				ONLY_ACTIVE_ARCH = YES;
				SDKROOT = iphoneos;
				SWIFT_ACTIVE_COMPILATION_CONDITIONS = DEBUG;
				SWIFT_OPTIMIZATION_LEVEL = "-Onone";
			};
			name = Debug;
		};
		5143ABC82073D53800D6F80B /* Release */ = {
			isa = XCBuildConfiguration;
			buildSettings = {
				ALWAYS_SEARCH_USER_PATHS = NO;
				CLANG_ANALYZER_NONNULL = YES;
				CLANG_ANALYZER_NUMBER_OBJECT_CONVERSION = YES_AGGRESSIVE;
				CLANG_CXX_LANGUAGE_STANDARD = "gnu++14";
				CLANG_CXX_LIBRARY = "libc++";
				CLANG_ENABLE_MODULES = YES;
				CLANG_ENABLE_OBJC_ARC = YES;
				CLANG_ENABLE_OBJC_WEAK = YES;
				CLANG_WARN_BLOCK_CAPTURE_AUTORELEASING = YES;
				CLANG_WARN_BOOL_CONVERSION = YES;
				CLANG_WARN_COMMA = YES;
				CLANG_WARN_CONSTANT_CONVERSION = YES;
				CLANG_WARN_DEPRECATED_OBJC_IMPLEMENTATIONS = YES;
				CLANG_WARN_DIRECT_OBJC_ISA_USAGE = YES_ERROR;
				CLANG_WARN_DOCUMENTATION_COMMENTS = YES;
				CLANG_WARN_EMPTY_BODY = YES;
				CLANG_WARN_ENUM_CONVERSION = YES;
				CLANG_WARN_INFINITE_RECURSION = YES;
				CLANG_WARN_INT_CONVERSION = YES;
				CLANG_WARN_NON_LITERAL_NULL_CONVERSION = YES;
				CLANG_WARN_OBJC_IMPLICIT_RETAIN_SELF = YES;
				CLANG_WARN_OBJC_LITERAL_CONVERSION = YES;
				CLANG_WARN_OBJC_ROOT_CLASS = YES_ERROR;
				CLANG_WARN_RANGE_LOOP_ANALYSIS = YES;
				CLANG_WARN_STRICT_PROTOTYPES = YES;
				CLANG_WARN_SUSPICIOUS_MOVE = YES;
				CLANG_WARN_UNGUARDED_AVAILABILITY = YES_AGGRESSIVE;
				CLANG_WARN_UNREACHABLE_CODE = YES;
				CLANG_WARN__DUPLICATE_METHOD_MATCH = YES;
				CODE_SIGN_IDENTITY = "iPhone Developer";
				COPY_PHASE_STRIP = NO;
				DEBUG_INFORMATION_FORMAT = "dwarf-with-dsym";
				ENABLE_NS_ASSERTIONS = NO;
				ENABLE_STRICT_OBJC_MSGSEND = YES;
				GCC_C_LANGUAGE_STANDARD = gnu11;
				GCC_NO_COMMON_BLOCKS = YES;
				GCC_WARN_64_TO_32_BIT_CONVERSION = YES;
				GCC_WARN_ABOUT_RETURN_TYPE = YES_ERROR;
				GCC_WARN_UNDECLARED_SELECTOR = YES;
				GCC_WARN_UNINITIALIZED_AUTOS = YES_AGGRESSIVE;
				GCC_WARN_UNUSED_FUNCTION = YES;
				GCC_WARN_UNUSED_VARIABLE = YES;
				IPHONEOS_DEPLOYMENT_TARGET = 11.3;
				MTL_ENABLE_DEBUG_INFO = NO;
				SDKROOT = iphoneos;
				SWIFT_COMPILATION_MODE = wholemodule;
				SWIFT_OPTIMIZATION_LEVEL = "-O";
				VALIDATE_PRODUCT = YES;
			};
			name = Release;
		};
		5143ABCA2073D53800D6F80B /* Debug */ = {
			isa = XCBuildConfiguration;
			buildSettings = {
				ASSETCATALOG_COMPILER_APPICON_NAME = AppIcon;
				CODE_SIGN_STYLE = Automatic;
				DEVELOPMENT_TEAM = 653H53HHBU;
				INFOPLIST_FILE = SampleForTest/Info.plist;
				LD_RUNPATH_SEARCH_PATHS = (
					"$(inherited)",
					"@executable_path/Frameworks",
				);
				PRODUCT_BUNDLE_IDENTIFIER = com.shindyu.SampleForTest;
				PRODUCT_NAME = "$(TARGET_NAME)";
				SWIFT_VERSION = 4.0;
				TARGETED_DEVICE_FAMILY = "1,2";
			};
			name = Debug;
		};
		5143ABCB2073D53800D6F80B /* Release */ = {
			isa = XCBuildConfiguration;
			buildSettings = {
				ASSETCATALOG_COMPILER_APPICON_NAME = AppIcon;
				CODE_SIGN_STYLE = Automatic;
				DEVELOPMENT_TEAM = 653H53HHBU;
				INFOPLIST_FILE = SampleForTest/Info.plist;
				LD_RUNPATH_SEARCH_PATHS = (
					"$(inherited)",
					"@executable_path/Frameworks",
				);
				PRODUCT_BUNDLE_IDENTIFIER = com.shindyu.SampleForTest;
				PRODUCT_NAME = "$(TARGET_NAME)";
				SWIFT_VERSION = 4.0;
				TARGETED_DEVICE_FAMILY = "1,2";
			};
			name = Release;
		};
		5143ABCD2073D53800D6F80B /* Debug */ = {
			isa = XCBuildConfiguration;
			buildSettings = {
				ALWAYS_EMBED_SWIFT_STANDARD_LIBRARIES = YES;
				BUNDLE_LOADER = "$(TEST_HOST)";
				CODE_SIGN_STYLE = Automatic;
				DEVELOPMENT_TEAM = 653H53HHBU;
				INFOPLIST_FILE = SampleForTestTests/Info.plist;
				LD_RUNPATH_SEARCH_PATHS = (
					"$(inherited)",
					"@executable_path/Frameworks",
					"@loader_path/Frameworks",
				);
				PRODUCT_BUNDLE_IDENTIFIER = com.shindyu.SampleForTestTests;
				PRODUCT_NAME = "$(TARGET_NAME)";
				SWIFT_VERSION = 4.0;
				TARGETED_DEVICE_FAMILY = "1,2";
				TEST_HOST = "$(BUILT_PRODUCTS_DIR)/SampleForTest.app/SampleForTest";
			};
			name = Debug;
		};
		5143ABCE2073D53800D6F80B /* Release */ = {
			isa = XCBuildConfiguration;
			buildSettings = {
				ALWAYS_EMBED_SWIFT_STANDARD_LIBRARIES = YES;
				BUNDLE_LOADER = "$(TEST_HOST)";
				CODE_SIGN_STYLE = Automatic;
				DEVELOPMENT_TEAM = 653H53HHBU;
				INFOPLIST_FILE = SampleForTestTests/Info.plist;
				LD_RUNPATH_SEARCH_PATHS = (
					"$(inherited)",
					"@executable_path/Frameworks",
					"@loader_path/Frameworks",
				);
				PRODUCT_BUNDLE_IDENTIFIER = com.shindyu.SampleForTestTests;
				PRODUCT_NAME = "$(TARGET_NAME)";
				SWIFT_VERSION = 4.0;
				TARGETED_DEVICE_FAMILY = "1,2";
				TEST_HOST = "$(BUILT_PRODUCTS_DIR)/SampleForTest.app/SampleForTest";
			};
			name = Release;
		};
/* End XCBuildConfiguration section */

/* Begin XCConfigurationList section */
		5143ABA72073D53500D6F80B /* Build configuration list for PBXProject "SampleForTest" */ = {
			isa = XCConfigurationList;
			buildConfigurations = (
				5143ABC72073D53800D6F80B /* Debug */,
				5143ABC82073D53800D6F80B /* Release */,
			);
			defaultConfigurationIsVisible = 0;
			defaultConfigurationName = Release;
		};
		5143ABC92073D53800D6F80B /* Build configuration list for PBXNativeTarget "SampleForTest" */ = {
			isa = XCConfigurationList;
			buildConfigurations = (
				5143ABCA2073D53800D6F80B /* Debug */,
				5143ABCB2073D53800D6F80B /* Release */,
			);
			defaultConfigurationIsVisible = 0;
			defaultConfigurationName = Release;
		};
		5143ABCC2073D53800D6F80B /* Build configuration list for PBXNativeTarget "SampleForTestTests" */ = {
			isa = XCConfigurationList;
			buildConfigurations = (
				5143ABCD2073D53800D6F80B /* Debug */,
				5143ABCE2073D53800D6F80B /* Release */,
			);
			defaultConfigurationIsVisible = 0;
			defaultConfigurationName = Release;
		};
/* End XCConfigurationList section */
	};
	rootObject = 5143ABA42073D53500D6F80B /* Project object */;
}
